
Microsoft Visual Studio Solution File, Format Version 12.00
# Visual Studio Version 16
VisualStudioVersion = 16.0.28803.452
MinimumVisualStudioVersion = 10.0.40219.1
Project("{8BC9CEB8-8B4A-11D0-8D11-00A0C91BC942}") = "DataBase", "DataBase\DataBase.vcxproj", "{E9A09102-F891-4323-83C0-66E04736B17B}"
EndProject
Global
	GlobalSection(SolutionConfigurationPlatforms) = preSolution
		Debug|x64 = Debug|x64
		Debug|x86 = Debug|x86
		Release|x64 = Release|x64
		Release|x86 = Release|x86
	EndGlobalSection
	GlobalSection(ProjectConfigurationPlatforms) = postSolution
		{E9A09102-F891-4323-83C0-66E04736B17B}.Debug|x64.ActiveCfg = Debug|x64
		{E9A09102-F891-4323-83C0-66E04736B17B}.Debug|x64.Build.0 = Debug|x64
		{E9A09102-F891-4323-83C0-66E04736B17B}.Debug|x86.ActiveCfg = Debug|Win32
		{E9A09102-F891-4323-83C0-66E04736B17B}.Debug|x86.Build.0 = Debug|Win32
		{E9A09102-F891-4323-83C0-66E04736B17B}.Release|x64.ActiveCfg = Release|x64
		{E9A09102-F891-4323-83C0-66E04736B17B}.Release|x64.Build.0 = Release|x64
		{E9A09102-F891-4323-83C0-66E04736B17B}.Release|x86.ActiveCfg = Release|Win32
		{E9A09102-F891-4323-83C0-66E04736B17B}.Release|x86.Build.0 = Release|Win32
	EndGlobalSection
	GlobalSection(SolutionProperties) = preSolution
		HideSolutionNode = FALSE
	EndGlobalSection
	GlobalSection(ExtensibilityGlobals) = postSolution
		SolutionGuid = {0F9315FB-D01A-414D-ADE0-635026625B41}
	EndGlobalSection
EndGlobal
